{
  "name": "hexasort",
  "version": "3.6.0",
  "lockfileVersion": 3,
  "requires": true,
  "packages": {
    "": {
      "name": "hexasort",
      "version": "3.6.0",
      "dependencies": {
        "@tsparticles/engine": "^3.7.1"
      }
    },
    "node_modules/@tsparticles/engine": {
      "version": "3.7.1",
      "resolved": "https://registry.npmjs.org/@tsparticles/engine/-/engine-3.7.1.tgz",
      "integrity": "sha512-GYzBgq/oOE9YJdOL1++MoawWmYg4AvVct6CIrJGx84ZRb3U2owYmLsRGabYl0qX1CWWOvUG569043RJmyp/vQA==",
      "funding": [
        {
          "type": "github",
          "url": "https://github.com/sponsors/matteobruni"
        },
        {
          "type": "github",
          "url": "https://github.com/sponsors/tsparticles"
        },
        {
          "type": "buymeacoffee",
          "url": "https://www.buymeacoffee.com/matteobruni"
        }
      ],
      "hasInstallScript": true,
      "license": "MIT"
    }
  }
}
